
Microsoft Visual Studio Solution File, Format Version 12.00
# Visual Studio Version 16
VisualStudioVersion = 16.0.30503.244
MinimumVisualStudioVersion = 10.0.40219.1
Project("{FAE04EC0-301F-11D3-BF4B-00C04F79EFBC}") = "TranformSpanList", "TranformSpanList\TranformSpanList.csproj", "{1D63BFC7-70F5-4B92-BD58-A37D6FA6D3DD}"
EndProject
Global
	GlobalSection(SolutionConfigurationPlatforms) = preSolution
		Debug|Any CPU = Debug|Any CPU
		Release|Any CPU = Release|Any CPU
	EndGlobalSection
	GlobalSection(ProjectConfigurationPlatforms) = postSolution
		{1D63BFC7-70F5-4B92-BD58-A37D6FA6D3DD}.Debug|Any CPU.ActiveCfg = Debug|Any CPU
		{1D63BFC7-70F5-4B92-BD58-A37D6FA6D3DD}.Debug|Any CPU.Build.0 = Debug|Any CPU
		{1D63BFC7-70F5-4B92-BD58-A37D6FA6D3DD}.Release|Any CPU.ActiveCfg = Release|Any CPU
		{1D63BFC7-70F5-4B92-BD58-A37D6FA6D3DD}.Release|Any CPU.Build.0 = Release|Any CPU
	EndGlobalSection
	GlobalSection(SolutionProperties) = preSolution
		HideSolutionNode = FALSE
	EndGlobalSection
	GlobalSection(ExtensibilityGlobals) = postSolution
		SolutionGuid = {448B1D66-9BE0-4B94-8ADF-09A88174BE85}
	EndGlobalSection
EndGlobal
