
Microsoft Visual Studio Solution File, Format Version 12.00
# Visual Studio Version 16
VisualStudioVersion = 16.0.30413.136
MinimumVisualStudioVersion = 10.0.40219.1
Project("{11A8DD76-328B-46DF-9F39-F559912D0360}") = "nanoFrameworkIoT", "nanoFrameworkIoT\nanoFrameworkIoT.nfproj", "{29BACBB9-C5B6-4BEF-AEEF-9AFE39B678D9}"
EndProject
Project("{11A8DD76-328B-46DF-9F39-F559912D0360}") = "Stopwatch", "Stopwatch\Stopwatch.nfproj", "{3F73CE11-8D42-4A43-87AC-48CBEB06105A}"
EndProject
Project("{11A8DD76-328B-46DF-9F39-F559912D0360}") = "GpioController", "GpioController\GpioController.nfproj", "{4A956AA6-1E2B-4D1C-BEF0-67C0FF074C9F}"
EndProject
Project("{11A8DD76-328B-46DF-9F39-F559912D0360}") = "Span", "Span\Span.nfproj", "{DB8DEE4D-EB97-4A33-BA94-3636282BAA8D}"
EndProject
Project("{11A8DD76-328B-46DF-9F39-F559912D0360}") = "I2cDevice", "I2cDevice\I2cDevice.nfproj", "{4146A375-C74F-424E-899A-1924AD7C87AB}"
EndProject
Project("{11A8DD76-328B-46DF-9F39-F559912D0360}") = "UnitsNet", "UnitsNet\UnitsNet.nfproj", "{95A66373-B01A-4C19-8E0D-C37BA27C1FD9}"
EndProject
Project("{11A8DD76-328B-46DF-9F39-F559912D0360}") = "Bmxx80Array", "Bmxx80Array\Bmxx80Array.nfproj", "{0E75AAA9-42F6-4B83-ABC2-4AA061E144DB}"
EndProject
Project("{11A8DD76-328B-46DF-9F39-F559912D0360}") = "List", "List\List.nfproj", "{4CCBBDD6-8A70-4D72-9662-15F26DEC8916}"
EndProject
Project("{11A8DD76-328B-46DF-9F39-F559912D0360}") = "BinaryPrimitives", "BinaryConverter\BinaryPrimitives.nfproj", "{E247F900-24CB-47BB-BAE1-2EA78FBCE83D}"
EndProject
Project("{11A8DD76-328B-46DF-9F39-F559912D0360}") = "TestSpanRef", "TestSpanRef\TestSpanRef.nfproj", "{27234835-76A7-4452-B238-590E68ED85C6}"
EndProject
Project("{11A8DD76-328B-46DF-9F39-F559912D0360}") = "I2cDeviceByteArray", "I2cDeviceByteArray\I2cDeviceByteArray.nfproj", "{4429FC19-C4A3-4E18-8584-F85AD3A5CAAE}"
EndProject
Project("{11A8DD76-328B-46DF-9F39-F559912D0360}") = "BinaryPrimitivesByteArray", "BinaryPrimitivesByteArray\BinaryPrimitivesByteArray.nfproj", "{D9FE1E5B-EA50-49C2-8279-268E62C32CE6}"
EndProject
Project("{11A8DD76-328B-46DF-9F39-F559912D0360}") = "Bmxx80", "Bmxx80\Bmxx80.nfproj", "{4EA4F6A2-F8CF-4005-BDF6-D4EECF6FDE9C}"
EndProject
Global
	GlobalSection(SolutionConfigurationPlatforms) = preSolution
		Debug|Any CPU = Debug|Any CPU
		Release|Any CPU = Release|Any CPU
	EndGlobalSection
	GlobalSection(ProjectConfigurationPlatforms) = postSolution
		{29BACBB9-C5B6-4BEF-AEEF-9AFE39B678D9}.Debug|Any CPU.ActiveCfg = Debug|Any CPU
		{29BACBB9-C5B6-4BEF-AEEF-9AFE39B678D9}.Debug|Any CPU.Build.0 = Debug|Any CPU
		{29BACBB9-C5B6-4BEF-AEEF-9AFE39B678D9}.Debug|Any CPU.Deploy.0 = Debug|Any CPU
		{29BACBB9-C5B6-4BEF-AEEF-9AFE39B678D9}.Release|Any CPU.ActiveCfg = Release|Any CPU
		{29BACBB9-C5B6-4BEF-AEEF-9AFE39B678D9}.Release|Any CPU.Build.0 = Release|Any CPU
		{29BACBB9-C5B6-4BEF-AEEF-9AFE39B678D9}.Release|Any CPU.Deploy.0 = Release|Any CPU
		{3F73CE11-8D42-4A43-87AC-48CBEB06105A}.Debug|Any CPU.ActiveCfg = Debug|Any CPU
		{3F73CE11-8D42-4A43-87AC-48CBEB06105A}.Debug|Any CPU.Build.0 = Debug|Any CPU
		{3F73CE11-8D42-4A43-87AC-48CBEB06105A}.Debug|Any CPU.Deploy.0 = Debug|Any CPU
		{3F73CE11-8D42-4A43-87AC-48CBEB06105A}.Release|Any CPU.ActiveCfg = Release|Any CPU
		{3F73CE11-8D42-4A43-87AC-48CBEB06105A}.Release|Any CPU.Build.0 = Release|Any CPU
		{3F73CE11-8D42-4A43-87AC-48CBEB06105A}.Release|Any CPU.Deploy.0 = Release|Any CPU
		{4A956AA6-1E2B-4D1C-BEF0-67C0FF074C9F}.Debug|Any CPU.ActiveCfg = Debug|Any CPU
		{4A956AA6-1E2B-4D1C-BEF0-67C0FF074C9F}.Debug|Any CPU.Build.0 = Debug|Any CPU
		{4A956AA6-1E2B-4D1C-BEF0-67C0FF074C9F}.Debug|Any CPU.Deploy.0 = Debug|Any CPU
		{4A956AA6-1E2B-4D1C-BEF0-67C0FF074C9F}.Release|Any CPU.ActiveCfg = Release|Any CPU
		{4A956AA6-1E2B-4D1C-BEF0-67C0FF074C9F}.Release|Any CPU.Build.0 = Release|Any CPU
		{4A956AA6-1E2B-4D1C-BEF0-67C0FF074C9F}.Release|Any CPU.Deploy.0 = Release|Any CPU
		{DB8DEE4D-EB97-4A33-BA94-3636282BAA8D}.Debug|Any CPU.ActiveCfg = Debug|Any CPU
		{DB8DEE4D-EB97-4A33-BA94-3636282BAA8D}.Debug|Any CPU.Build.0 = Debug|Any CPU
		{DB8DEE4D-EB97-4A33-BA94-3636282BAA8D}.Debug|Any CPU.Deploy.0 = Debug|Any CPU
		{DB8DEE4D-EB97-4A33-BA94-3636282BAA8D}.Release|Any CPU.ActiveCfg = Release|Any CPU
		{DB8DEE4D-EB97-4A33-BA94-3636282BAA8D}.Release|Any CPU.Build.0 = Release|Any CPU
		{DB8DEE4D-EB97-4A33-BA94-3636282BAA8D}.Release|Any CPU.Deploy.0 = Release|Any CPU
		{4146A375-C74F-424E-899A-1924AD7C87AB}.Debug|Any CPU.ActiveCfg = Debug|Any CPU
		{4146A375-C74F-424E-899A-1924AD7C87AB}.Debug|Any CPU.Build.0 = Debug|Any CPU
		{4146A375-C74F-424E-899A-1924AD7C87AB}.Debug|Any CPU.Deploy.0 = Debug|Any CPU
		{4146A375-C74F-424E-899A-1924AD7C87AB}.Release|Any CPU.ActiveCfg = Release|Any CPU
		{4146A375-C74F-424E-899A-1924AD7C87AB}.Release|Any CPU.Build.0 = Release|Any CPU
		{4146A375-C74F-424E-899A-1924AD7C87AB}.Release|Any CPU.Deploy.0 = Release|Any CPU
		{95A66373-B01A-4C19-8E0D-C37BA27C1FD9}.Debug|Any CPU.ActiveCfg = Debug|Any CPU
		{95A66373-B01A-4C19-8E0D-C37BA27C1FD9}.Debug|Any CPU.Build.0 = Debug|Any CPU
		{95A66373-B01A-4C19-8E0D-C37BA27C1FD9}.Debug|Any CPU.Deploy.0 = Debug|Any CPU
		{95A66373-B01A-4C19-8E0D-C37BA27C1FD9}.Release|Any CPU.ActiveCfg = Release|Any CPU
		{95A66373-B01A-4C19-8E0D-C37BA27C1FD9}.Release|Any CPU.Build.0 = Release|Any CPU
		{95A66373-B01A-4C19-8E0D-C37BA27C1FD9}.Release|Any CPU.Deploy.0 = Release|Any CPU
		{0E75AAA9-42F6-4B83-ABC2-4AA061E144DB}.Debug|Any CPU.ActiveCfg = Debug|Any CPU
		{0E75AAA9-42F6-4B83-ABC2-4AA061E144DB}.Debug|Any CPU.Build.0 = Debug|Any CPU
		{0E75AAA9-42F6-4B83-ABC2-4AA061E144DB}.Debug|Any CPU.Deploy.0 = Debug|Any CPU
		{0E75AAA9-42F6-4B83-ABC2-4AA061E144DB}.Release|Any CPU.ActiveCfg = Release|Any CPU
		{0E75AAA9-42F6-4B83-ABC2-4AA061E144DB}.Release|Any CPU.Build.0 = Release|Any CPU
		{0E75AAA9-42F6-4B83-ABC2-4AA061E144DB}.Release|Any CPU.Deploy.0 = Release|Any CPU
		{4CCBBDD6-8A70-4D72-9662-15F26DEC8916}.Debug|Any CPU.ActiveCfg = Debug|Any CPU
		{4CCBBDD6-8A70-4D72-9662-15F26DEC8916}.Debug|Any CPU.Build.0 = Debug|Any CPU
		{4CCBBDD6-8A70-4D72-9662-15F26DEC8916}.Debug|Any CPU.Deploy.0 = Debug|Any CPU
		{4CCBBDD6-8A70-4D72-9662-15F26DEC8916}.Release|Any CPU.ActiveCfg = Release|Any CPU
		{4CCBBDD6-8A70-4D72-9662-15F26DEC8916}.Release|Any CPU.Build.0 = Release|Any CPU
		{4CCBBDD6-8A70-4D72-9662-15F26DEC8916}.Release|Any CPU.Deploy.0 = Release|Any CPU
		{E247F900-24CB-47BB-BAE1-2EA78FBCE83D}.Debug|Any CPU.ActiveCfg = Debug|Any CPU
		{E247F900-24CB-47BB-BAE1-2EA78FBCE83D}.Debug|Any CPU.Build.0 = Debug|Any CPU
		{E247F900-24CB-47BB-BAE1-2EA78FBCE83D}.Debug|Any CPU.Deploy.0 = Debug|Any CPU
		{E247F900-24CB-47BB-BAE1-2EA78FBCE83D}.Release|Any CPU.ActiveCfg = Release|Any CPU
		{E247F900-24CB-47BB-BAE1-2EA78FBCE83D}.Release|Any CPU.Build.0 = Release|Any CPU
		{E247F900-24CB-47BB-BAE1-2EA78FBCE83D}.Release|Any CPU.Deploy.0 = Release|Any CPU
		{27234835-76A7-4452-B238-590E68ED85C6}.Debug|Any CPU.ActiveCfg = Debug|Any CPU
		{27234835-76A7-4452-B238-590E68ED85C6}.Debug|Any CPU.Build.0 = Debug|Any CPU
		{27234835-76A7-4452-B238-590E68ED85C6}.Debug|Any CPU.Deploy.0 = Debug|Any CPU
		{27234835-76A7-4452-B238-590E68ED85C6}.Release|Any CPU.ActiveCfg = Release|Any CPU
		{27234835-76A7-4452-B238-590E68ED85C6}.Release|Any CPU.Build.0 = Release|Any CPU
		{27234835-76A7-4452-B238-590E68ED85C6}.Release|Any CPU.Deploy.0 = Release|Any CPU
		{4429FC19-C4A3-4E18-8584-F85AD3A5CAAE}.Debug|Any CPU.ActiveCfg = Debug|Any CPU
		{4429FC19-C4A3-4E18-8584-F85AD3A5CAAE}.Debug|Any CPU.Build.0 = Debug|Any CPU
		{4429FC19-C4A3-4E18-8584-F85AD3A5CAAE}.Debug|Any CPU.Deploy.0 = Debug|Any CPU
		{4429FC19-C4A3-4E18-8584-F85AD3A5CAAE}.Release|Any CPU.ActiveCfg = Release|Any CPU
		{4429FC19-C4A3-4E18-8584-F85AD3A5CAAE}.Release|Any CPU.Build.0 = Release|Any CPU
		{4429FC19-C4A3-4E18-8584-F85AD3A5CAAE}.Release|Any CPU.Deploy.0 = Release|Any CPU
		{D9FE1E5B-EA50-49C2-8279-268E62C32CE6}.Debug|Any CPU.ActiveCfg = Debug|Any CPU
		{D9FE1E5B-EA50-49C2-8279-268E62C32CE6}.Debug|Any CPU.Build.0 = Debug|Any CPU
		{D9FE1E5B-EA50-49C2-8279-268E62C32CE6}.Debug|Any CPU.Deploy.0 = Debug|Any CPU
		{D9FE1E5B-EA50-49C2-8279-268E62C32CE6}.Release|Any CPU.ActiveCfg = Release|Any CPU
		{D9FE1E5B-EA50-49C2-8279-268E62C32CE6}.Release|Any CPU.Build.0 = Release|Any CPU
		{D9FE1E5B-EA50-49C2-8279-268E62C32CE6}.Release|Any CPU.Deploy.0 = Release|Any CPU
		{4EA4F6A2-F8CF-4005-BDF6-D4EECF6FDE9C}.Debug|Any CPU.ActiveCfg = Debug|Any CPU
		{4EA4F6A2-F8CF-4005-BDF6-D4EECF6FDE9C}.Debug|Any CPU.Build.0 = Debug|Any CPU
		{4EA4F6A2-F8CF-4005-BDF6-D4EECF6FDE9C}.Debug|Any CPU.Deploy.0 = Debug|Any CPU
		{4EA4F6A2-F8CF-4005-BDF6-D4EECF6FDE9C}.Release|Any CPU.ActiveCfg = Release|Any CPU
		{4EA4F6A2-F8CF-4005-BDF6-D4EECF6FDE9C}.Release|Any CPU.Build.0 = Release|Any CPU
		{4EA4F6A2-F8CF-4005-BDF6-D4EECF6FDE9C}.Release|Any CPU.Deploy.0 = Release|Any CPU
	EndGlobalSection
	GlobalSection(SolutionProperties) = preSolution
		HideSolutionNode = FALSE
	EndGlobalSection
	GlobalSection(ExtensibilityGlobals) = postSolution
		SolutionGuid = {ED0BE4BF-CB02-4B50-95E9-E613CF3D00FB}
	EndGlobalSection
EndGlobal
